Microsoft Visual Studio Solution File, Format Version 12.00
# Visual Studio 15
VisualStudioVersion = 15.0.28307.489
MinimumVisualStudioVersion = 10.0.40219.1
Project("{9A19103F-16F7-4668-BE54-9A1E7A4F7556}") = "WebApi", "WebApi\WebApi.csproj", "{DC2FBAF4-62E0-41F1-9362-BAEE3E5EA2C8}"
EndProject
Project("{9A19103F-16F7-4668-BE54-9A1E7A4F7556}") = "Domain", "Domain\Domain.csproj", "{E088A5FB-CC10-42E5-8652-1F019775FD81}"
EndProject
Project("{9A19103F-16F7-4668-BE54-9A1E7A4F7556}") = "BusinessLogic", "BusinessLogic\BusinessLogic.csproj", "{38A69546-1E99-4D35-A605-08D8304DDCBC}"
EndProject
Project("{9A19103F-16F7-4668-BE54-9A1E7A4F7556}") = "BusinessLogic.Interface", "BusinessLogic.Interface\BusinessLogic.Interface.csproj", "{C0840643-AF8B-40D7-A030-DC38FEAD425C}"
EndProject
Project("{9A19103F-16F7-4668-BE54-9A1E7A4F7556}") = "BusinessLogic.Tests", "BusinessLogic.Tests\BusinessLogic.Tests.csproj", "{28000E87-38B0-4019-BA2C-9A60C90573B4}"
EndProject
Project("{9A19103F-16F7-4668-BE54-9A1E7A4F7556}") = "DataAccess", "DataAccess\DataAccess.csproj", "{B1AE9932-CBD8-43AE-800B-09A1F85E7466}"
EndProject
Project("{9A19103F-16F7-4668-BE54-9A1E7A4F7556}") = "DataAccess.Interface", "DataAccess.Interface\DataAccess.Interface.csproj", "{1A955572-FC0F-4E99-B02C-BFEF074B3C08}"
EndProject
Project("{9A19103F-16F7-4668-BE54-9A1E7A4F7556}") = "GoogleAPI", "GoogleAPI\GoogleAPI.csproj", "{E190F38C-47D5-4D64-A982-7D4C6EF253FF}"
EndProject
Project("{9A19103F-16F7-4668-BE54-9A1E7A4F7556}") = "GoogleAPInterface", "GoogleAPInterface\GoogleAPInterface.csproj", "{CDE7A3FF-67B8-4C19-A4C3-A90D43BB1D8F}"
EndProject
Global
	GlobalSection(SolutionConfigurationPlatforms) = preSolution
		Debug|Any CPU = Debug|Any CPU
		Release|Any CPU = Release|Any CPU
	EndGlobalSection
	GlobalSection(ProjectConfigurationPlatforms) = postSolution
		{DC2FBAF4-62E0-41F1-9362-BAEE3E5EA2C8}.Debug|Any CPU.ActiveCfg = Debug|Any CPU
		{DC2FBAF4-62E0-41F1-9362-BAEE3E5EA2C8}.Debug|Any CPU.Build.0 = Debug|Any CPU
		{DC2FBAF4-62E0-41F1-9362-BAEE3E5EA2C8}.Release|Any CPU.ActiveCfg = Release|Any CPU
		{DC2FBAF4-62E0-41F1-9362-BAEE3E5EA2C8}.Release|Any CPU.Build.0 = Release|Any CPU
		{E088A5FB-CC10-42E5-8652-1F019775FD81}.Debug|Any CPU.ActiveCfg = Debug|Any CPU
		{E088A5FB-CC10-42E5-8652-1F019775FD81}.Debug|Any CPU.Build.0 = Debug|Any CPU
		{E088A5FB-CC10-42E5-8652-1F019775FD81}.Release|Any CPU.ActiveCfg = Release|Any CPU
		{E088A5FB-CC10-42E5-8652-1F019775FD81}.Release|Any CPU.Build.0 = Release|Any CPU
		{38A69546-1E99-4D35-A605-08D8304DDCBC}.Debug|Any CPU.ActiveCfg = Debug|Any CPU
		{38A69546-1E99-4D35-A605-08D8304DDCBC}.Debug|Any CPU.Build.0 = Debug|Any CPU
		{38A69546-1E99-4D35-A605-08D8304DDCBC}.Release|Any CPU.ActiveCfg = Release|Any CPU
		{38A69546-1E99-4D35-A605-08D8304DDCBC}.Release|Any CPU.Build.0 = Release|Any CPU
		{C0840643-AF8B-40D7-A030-DC38FEAD425C}.Debug|Any CPU.ActiveCfg = Debug|Any CPU
		{C0840643-AF8B-40D7-A030-DC38FEAD425C}.Debug|Any CPU.Build.0 = Debug|Any CPU
		{C0840643-AF8B-40D7-A030-DC38FEAD425C}.Release|Any CPU.ActiveCfg = Release|Any CPU
		{C0840643-AF8B-40D7-A030-DC38FEAD425C}.Release|Any CPU.Build.0 = Release|Any CPU
		{28000E87-38B0-4019-BA2C-9A60C90573B4}.Debug|Any CPU.ActiveCfg = Debug|Any CPU
		{28000E87-38B0-4019-BA2C-9A60C90573B4}.Debug|Any CPU.Build.0 = Debug|Any CPU
		{28000E87-38B0-4019-BA2C-9A60C90573B4}.Release|Any CPU.ActiveCfg = Release|Any CPU
		{28000E87-38B0-4019-BA2C-9A60C90573B4}.Release|Any CPU.Build.0 = Release|Any CPU
		{B1AE9932-CBD8-43AE-800B-09A1F85E7466}.Debug|Any CPU.ActiveCfg = Debug|Any CPU
		{B1AE9932-CBD8-43AE-800B-09A1F85E7466}.Debug|Any CPU.Build.0 = Debug|Any CPU
		{B1AE9932-CBD8-43AE-800B-09A1F85E7466}.Release|Any CPU.ActiveCfg = Release|Any CPU
		{B1AE9932-CBD8-43AE-800B-09A1F85E7466}.Release|Any CPU.Build.0 = Release|Any CPU
		{1A955572-FC0F-4E99-B02C-BFEF074B3C08}.Debug|Any CPU.ActiveCfg = Debug|Any CPU
		{1A955572-FC0F-4E99-B02C-BFEF074B3C08}.Debug|Any CPU.Build.0 = Debug|Any CPU
		{1A955572-FC0F-4E99-B02C-BFEF074B3C08}.Release|Any CPU.ActiveCfg = Release|Any CPU
		{1A955572-FC0F-4E99-B02C-BFEF074B3C08}.Release|Any CPU.Build.0 = Release|Any CPU
		{E190F38C-47D5-4D64-A982-7D4C6EF253FF}.Debug|Any CPU.ActiveCfg = Debug|Any CPU
		{E190F38C-47D5-4D64-A982-7D4C6EF253FF}.Debug|Any CPU.Build.0 = Debug|Any CPU
		{E190F38C-47D5-4D64-A982-7D4C6EF253FF}.Release|Any CPU.ActiveCfg = Release|Any CPU
		{E190F38C-47D5-4D64-A982-7D4C6EF253FF}.Release|Any CPU.Build.0 = Release|Any CPU
		{CDE7A3FF-67B8-4C19-A4C3-A90D43BB1D8F}.Debug|Any CPU.ActiveCfg = Debug|Any CPU
		{CDE7A3FF-67B8-4C19-A4C3-A90D43BB1D8F}.Debug|Any CPU.Build.0 = Debug|Any CPU
		{CDE7A3FF-67B8-4C19-A4C3-A90D43BB1D8F}.Release|Any CPU.ActiveCfg = Release|Any CPU
		{CDE7A3FF-67B8-4C19-A4C3-A90D43BB1D8F}.Release|Any CPU.Build.0 = Release|Any CPU
	EndGlobalSection
	GlobalSection(SolutionProperties) = preSolution
		HideSolutionNode = FALSE
	EndGlobalSection
	GlobalSection(ExtensibilityGlobals) = postSolution
		SolutionGuid = {5225E5A1-B185-46B5-9FBB-A5F1D7BAAF2B}
	EndGlobalSection
EndGlobal
